
Microsoft Visual Studio Solution File, Format Version 12.00
# Visual Studio Version 16
VisualStudioVersion = 16.0.34031.81
MinimumVisualStudioVersion = 10.0.40219.1
Project("{2150E333-8FDC-42A3-9474-1A3956D46DE8}") = "Task0", "Task0", "{C8C303C9-8C25-4AB9-BC67-D4E5A0761CBC}"
EndProject
Project("{FAE04EC0-301F-11D3-BF4B-00C04F79EFBC}") = "Tyuiu.AvaevaPD.Sprint3.Task0.V20", "Tyuiu.AvaevaPD.Sprint3.Task0.V20\Tyuiu.AvaevaPD.Sprint3.Task0.V20.csproj", "{AA17842A-B4A8-4013-8314-718396885BBC}"
EndProject
Project("{FAE04EC0-301F-11D3-BF4B-00C04F79EFBC}") = "Tyuiu.AvaevaPD.Sprint3.Task0.V20.Lib", "Tyuiu.AvaevaPD.Sprint3.Task0.V20.Lib\Tyuiu.AvaevaPD.Sprint3.Task0.V20.Lib.csproj", "{F4721C8E-3AF5-4EF2-9266-832D0EE5A69B}"
EndProject
Project("{FAE04EC0-301F-11D3-BF4B-00C04F79EFBC}") = "Tyuiu.AvaevaPD.Sprint3.Task0.V20.Test", "Tyuiu.AvaevaPD.Sprint3.Task0.V20.Test\Tyuiu.AvaevaPD.Sprint3.Task0.V20.Test.csproj", "{ED735015-BEA3-42D0-9B96-1254F302AAFC}"
EndProject
Project("{2150E333-8FDC-42A3-9474-1A3956D46DE8}") = "Task1", "Task1", "{8079AB4C-B5AD-4156-843B-DF0464C2B98F}"
EndProject
Project("{FAE04EC0-301F-11D3-BF4B-00C04F79EFBC}") = "Tyuiu.AvaevaPD.Sprint3.Task1.V19", "Tyuiu.AvaevaPD.Sprint3.Task1.V19\Tyuiu.AvaevaPD.Sprint3.Task1.V19.csproj", "{FF18ED13-37D2-4FF7-B128-90869981FCDA}"
EndProject
Project("{FAE04EC0-301F-11D3-BF4B-00C04F79EFBC}") = "Tyuiu.AvaevaPD.Sprint3.Task1.V19.Lib", "Tyuiu.AvaevaPD.Sprint3.Task1.V19.Lib\Tyuiu.AvaevaPD.Sprint3.Task1.V19.Lib.csproj", "{1EFFE0B6-87F1-418E-84CA-876772E632CD}"
EndProject
Project("{FAE04EC0-301F-11D3-BF4B-00C04F79EFBC}") = "Tyuiu.AvaevaPD.Sprint3.Task1.V19.Test", "Tyuiu.AvaevaPD.Sprint3.Task1.V19.Test\Tyuiu.AvaevaPD.Sprint3.Task1.V19.Test.csproj", "{CA6000AE-2528-4C9B-9007-8978AA576A77}"
EndProject
Project("{2150E333-8FDC-42A3-9474-1A3956D46DE8}") = "NewFolder1", "NewFolder1", "{64D74353-EB62-451D-B3A6-D7A7A9A71FBD}"
EndProject
Project("{FAE04EC0-301F-11D3-BF4B-00C04F79EFBC}") = "Tyuiu.AvaevaPD.Sprint3.Task2.V1", "Tyuiu.AvaevaPD.Sprint3.Task2.V1\Tyuiu.AvaevaPD.Sprint3.Task2.V1.csproj", "{3C4ABB4E-24DD-4C65-BD0E-D80CE5BF0091}"
EndProject
Project("{FAE04EC0-301F-11D3-BF4B-00C04F79EFBC}") = "Tyuiu.AvaevaPD.Sprint3.Task2.V1.Lib", "Tyuiu.AvaevaPD.Sprint3.Task2.V1.Lib\Tyuiu.AvaevaPD.Sprint3.Task2.V1.Lib.csproj", "{98D198F1-1430-428A-98A6-A36AECC0EE11}"
EndProject
Project("{FAE04EC0-301F-11D3-BF4B-00C04F79EFBC}") = "Tyuiu.AvaevaPD.Sprint3.Task2.V1.Test", "Tyuiu.AvaevaPD.Sprint3.Task2.V1.Test\Tyuiu.AvaevaPD.Sprint3.Task2.V1.Test.csproj", "{5DF505B4-802D-42E5-94BE-F5CCB48EAD5A}"
EndProject
Project("{2150E333-8FDC-42A3-9474-1A3956D46DE8}") = "NewFolder2", "NewFolder2", "{37CED35D-565E-44A2-889E-B171D334865B}"
EndProject
Project("{FAE04EC0-301F-11D3-BF4B-00C04F79EFBC}") = "Tyuiu.AvaevaPD.Sprint3.Task3.V17", "Tyuiu.AvaevaPD.Sprint3.Task3.V17\Tyuiu.AvaevaPD.Sprint3.Task3.V17.csproj", "{1B9816C9-30C1-4B9F-B338-1A781422AE51}"
EndProject
Project("{FAE04EC0-301F-11D3-BF4B-00C04F79EFBC}") = "Tyuiu.AvaevaPD.Sprint3.Task3.V17.Lib", "Tyuiu.AvaevaPD.Sprint3.Task3.V17.Lib\Tyuiu.AvaevaPD.Sprint3.Task3.V17.Lib.csproj", "{C33E00AA-A19D-4FBC-96E9-0A1B4C0DA2EE}"
EndProject
Project("{FAE04EC0-301F-11D3-BF4B-00C04F79EFBC}") = "Tyuiu.AvaevaPD.Sprint3.Task3.V17.Test", "Tyuiu.AvaevaPD.Sprint3.Task3.V17.Test\Tyuiu.AvaevaPD.Sprint3.Task3.V17.Test.csproj", "{0B6EB25C-9FAC-4A57-9ED0-84509E4AF0A5}"
EndProject
Project("{2150E333-8FDC-42A3-9474-1A3956D46DE8}") = "NewFolder3", "NewFolder3", "{5F19CC13-FA31-433D-B5C3-EBD533F925BB}"
EndProject
Project("{FAE04EC0-301F-11D3-BF4B-00C04F79EFBC}") = "Tyuiu.AvaevaPD.Sprint3.Task4.V28", "Tyuiu.AvaevaPD.Sprint3.Task4.V28\Tyuiu.AvaevaPD.Sprint3.Task4.V28.csproj", "{77F2110A-D661-4FE7-81BA-D7B295593E60}"
EndProject
Project("{FAE04EC0-301F-11D3-BF4B-00C04F79EFBC}") = "Tyuiu.AvaevaPD.Sprint3.Task4.V28.Lib", "Tyuiu.AvaevaPD.Sprint3.Task4.V28.Lib\Tyuiu.AvaevaPD.Sprint3.Task4.V28.Lib.csproj", "{2DB46D7A-7967-476A-BDC7-F687F0B50D0B}"
EndProject
Project("{FAE04EC0-301F-11D3-BF4B-00C04F79EFBC}") = "Tyuiu.AvaevaPD.Sprint3.Task4.V28.Test", "Tyuiu.AvaevaPD.Sprint3.Task4.V28.Test\Tyuiu.AvaevaPD.Sprint3.Task4.V28.Test.csproj", "{007E8680-1610-4931-9E68-35F8D9F886D9}"
EndProject
Project("{2150E333-8FDC-42A3-9474-1A3956D46DE8}") = "NewFolder4", "NewFolder4", "{769992DC-9F2D-4FC4-97E7-579F2F530FF9}"
EndProject
Project("{FAE04EC0-301F-11D3-BF4B-00C04F79EFBC}") = "Tyuiu.AvaevaPD.Sprint3.Task5.V5", "Tyuiu.AvaevaPD.Sprint3.Task5.V5\Tyuiu.AvaevaPD.Sprint3.Task5.V5.csproj", "{0BA17B32-616D-487F-A390-D5DEA4AAA080}"
EndProject
Project("{FAE04EC0-301F-11D3-BF4B-00C04F79EFBC}") = "Tyuiu.AvaevaPD.Sprint3.Task5.V5.Lib", "Tyuiu.AvaevaPD.Sprint3.Task5.V5.Lib\Tyuiu.AvaevaPD.Sprint3.Task5.V5.Lib.csproj", "{C20F775B-1EA2-444D-AA1C-B38701FF36C6}"
EndProject
Project("{FAE04EC0-301F-11D3-BF4B-00C04F79EFBC}") = "Tyuiu.AvaevaPD.Sprint3.Task5.V5.Test", "Tyuiu.AvaevaPD.Sprint3.Task5.V5.Test\Tyuiu.AvaevaPD.Sprint3.Task5.V5.Test.csproj", "{353F34B4-AA24-4045-B91C-070758AF50D8}"
EndProject
Project("{2150E333-8FDC-42A3-9474-1A3956D46DE8}") = "NewFolder5", "NewFolder5", "{A3189FC4-4758-4FF6-94A3-26ADF8B84FDA}"
EndProject
Project("{FAE04EC0-301F-11D3-BF4B-00C04F79EFBC}") = "Tyuiu.AvaevaPD.Sprint3.Task6.V29", "Tyuiu.AvaevaPD.Sprint3.Task6.V29\Tyuiu.AvaevaPD.Sprint3.Task6.V29.csproj", "{CB030F3B-8F1C-4938-83AD-2DAAE6482EE8}"
EndProject
Project("{FAE04EC0-301F-11D3-BF4B-00C04F79EFBC}") = "Tyuiu.AvaevaPD.Sprint3.Task6.V29.Lib", "Tyuiu.AvaevaPD.Sprint3.Task6.V29.Lib\Tyuiu.AvaevaPD.Sprint3.Task6.V29.Lib.csproj", "{784E59B7-F6E9-44A5-9822-5C15C1BF0737}"
EndProject
Project("{FAE04EC0-301F-11D3-BF4B-00C04F79EFBC}") = "Tyuiu.AvaevaPD.Sprint3.Task6.V29.Test", "Tyuiu.AvaevaPD.Sprint3.Task6.V29.Test\Tyuiu.AvaevaPD.Sprint3.Task6.V29.Test.csproj", "{7FE8C5AF-A584-4B4A-861C-495529AE2837}"
EndProject
Global
	GlobalSection(SolutionConfigurationPlatforms) = preSolution
		Debug|Any CPU = Debug|Any CPU
		Release|Any CPU = Release|Any CPU
	EndGlobalSection
	GlobalSection(ProjectConfigurationPlatforms) = postSolution
		{AA17842A-B4A8-4013-8314-718396885BBC}.Debug|Any CPU.ActiveCfg = Debug|Any CPU
		{AA17842A-B4A8-4013-8314-718396885BBC}.Debug|Any CPU.Build.0 = Debug|Any CPU
		{AA17842A-B4A8-4013-8314-718396885BBC}.Release|Any CPU.ActiveCfg = Release|Any CPU
		{AA17842A-B4A8-4013-8314-718396885BBC}.Release|Any CPU.Build.0 = Release|Any CPU
		{F4721C8E-3AF5-4EF2-9266-832D0EE5A69B}.Debug|Any CPU.ActiveCfg = Debug|Any CPU
		{F4721C8E-3AF5-4EF2-9266-832D0EE5A69B}.Debug|Any CPU.Build.0 = Debug|Any CPU
		{F4721C8E-3AF5-4EF2-9266-832D0EE5A69B}.Release|Any CPU.ActiveCfg = Release|Any CPU
		{F4721C8E-3AF5-4EF2-9266-832D0EE5A69B}.Release|Any CPU.Build.0 = Release|Any CPU
		{ED735015-BEA3-42D0-9B96-1254F302AAFC}.Debug|Any CPU.ActiveCfg = Debug|Any CPU
		{ED735015-BEA3-42D0-9B96-1254F302AAFC}.Debug|Any CPU.Build.0 = Debug|Any CPU
		{ED735015-BEA3-42D0-9B96-1254F302AAFC}.Release|Any CPU.ActiveCfg = Release|Any CPU
		{ED735015-BEA3-42D0-9B96-1254F302AAFC}.Release|Any CPU.Build.0 = Release|Any CPU
		{FF18ED13-37D2-4FF7-B128-90869981FCDA}.Debug|Any CPU.ActiveCfg = Debug|Any CPU
		{FF18ED13-37D2-4FF7-B128-90869981FCDA}.Debug|Any CPU.Build.0 = Debug|Any CPU
		{FF18ED13-37D2-4FF7-B128-90869981FCDA}.Release|Any CPU.ActiveCfg = Release|Any CPU
		{FF18ED13-37D2-4FF7-B128-90869981FCDA}.Release|Any CPU.Build.0 = Release|Any CPU
		{1EFFE0B6-87F1-418E-84CA-876772E632CD}.Debug|Any CPU.ActiveCfg = Debug|Any CPU
		{1EFFE0B6-87F1-418E-84CA-876772E632CD}.Debug|Any CPU.Build.0 = Debug|Any CPU
		{1EFFE0B6-87F1-418E-84CA-876772E632CD}.Release|Any CPU.ActiveCfg = Release|Any CPU
		{1EFFE0B6-87F1-418E-84CA-876772E632CD}.Release|Any CPU.Build.0 = Release|Any CPU
		{CA6000AE-2528-4C9B-9007-8978AA576A77}.Debug|Any CPU.ActiveCfg = Debug|Any CPU
		{CA6000AE-2528-4C9B-9007-8978AA576A77}.Debug|Any CPU.Build.0 = Debug|Any CPU
		{CA6000AE-2528-4C9B-9007-8978AA576A77}.Release|Any CPU.ActiveCfg = Release|Any CPU
		{CA6000AE-2528-4C9B-9007-8978AA576A77}.Release|Any CPU.Build.0 = Release|Any CPU
		{3C4ABB4E-24DD-4C65-BD0E-D80CE5BF0091}.Debug|Any CPU.ActiveCfg = Debug|Any CPU
		{3C4ABB4E-24DD-4C65-BD0E-D80CE5BF0091}.Debug|Any CPU.Build.0 = Debug|Any CPU
		{3C4ABB4E-24DD-4C65-BD0E-D80CE5BF0091}.Release|Any CPU.ActiveCfg = Release|Any CPU
		{3C4ABB4E-24DD-4C65-BD0E-D80CE5BF0091}.Release|Any CPU.Build.0 = Release|Any CPU
		{98D198F1-1430-428A-98A6-A36AECC0EE11}.Debug|Any CPU.ActiveCfg = Debug|Any CPU
		{98D198F1-1430-428A-98A6-A36AECC0EE11}.Debug|Any CPU.Build.0 = Debug|Any CPU
		{98D198F1-1430-428A-98A6-A36AECC0EE11}.Release|Any CPU.ActiveCfg = Release|Any CPU
		{98D198F1-1430-428A-98A6-A36AECC0EE11}.Release|Any CPU.Build.0 = Release|Any CPU
		{5DF505B4-802D-42E5-94BE-F5CCB48EAD5A}.Debug|Any CPU.ActiveCfg = Debug|Any CPU
		{5DF505B4-802D-42E5-94BE-F5CCB48EAD5A}.Debug|Any CPU.Build.0 = Debug|Any CPU
		{5DF505B4-802D-42E5-94BE-F5CCB48EAD5A}.Release|Any CPU.ActiveCfg = Release|Any CPU
		{5DF505B4-802D-42E5-94BE-F5CCB48EAD5A}.Release|Any CPU.Build.0 = Release|Any CPU
		{1B9816C9-30C1-4B9F-B338-1A781422AE51}.Debug|Any CPU.ActiveCfg = Debug|Any CPU
		{1B9816C9-30C1-4B9F-B338-1A781422AE51}.Debug|Any CPU.Build.0 = Debug|Any CPU
		{1B9816C9-30C1-4B9F-B338-1A781422AE51}.Release|Any CPU.ActiveCfg = Release|Any CPU
		{1B9816C9-30C1-4B9F-B338-1A781422AE51}.Release|Any CPU.Build.0 = Release|Any CPU
		{C33E00AA-A19D-4FBC-96E9-0A1B4C0DA2EE}.Debug|Any CPU.ActiveCfg = Debug|Any CPU
		{C33E00AA-A19D-4FBC-96E9-0A1B4C0DA2EE}.Debug|Any CPU.Build.0 = Debug|Any CPU
		{C33E00AA-A19D-4FBC-96E9-0A1B4C0DA2EE}.Release|Any CPU.ActiveCfg = Release|Any CPU
		{C33E00AA-A19D-4FBC-96E9-0A1B4C0DA2EE}.Release|Any CPU.Build.0 = Release|Any CPU
		{0B6EB25C-9FAC-4A57-9ED0-84509E4AF0A5}.Debug|Any CPU.ActiveCfg = Debug|Any CPU
		{0B6EB25C-9FAC-4A57-9ED0-84509E4AF0A5}.Debug|Any CPU.Build.0 = Debug|Any CPU
		{0B6EB25C-9FAC-4A57-9ED0-84509E4AF0A5}.Release|Any CPU.ActiveCfg = Release|Any CPU
		{0B6EB25C-9FAC-4A57-9ED0-84509E4AF0A5}.Release|Any CPU.Build.0 = Release|Any CPU
		{77F2110A-D661-4FE7-81BA-D7B295593E60}.Debug|Any CPU.ActiveCfg = Debug|Any CPU
		{77F2110A-D661-4FE7-81BA-D7B295593E60}.Debug|Any CPU.Build.0 = Debug|Any CPU
		{77F2110A-D661-4FE7-81BA-D7B295593E60}.Release|Any CPU.ActiveCfg = Release|Any CPU
		{77F2110A-D661-4FE7-81BA-D7B295593E60}.Release|Any CPU.Build.0 = Release|Any CPU
		{2DB46D7A-7967-476A-BDC7-F687F0B50D0B}.Debug|Any CPU.ActiveCfg = Debug|Any CPU
		{2DB46D7A-7967-476A-BDC7-F687F0B50D0B}.Debug|Any CPU.Build.0 = Debug|Any CPU
		{2DB46D7A-7967-476A-BDC7-F687F0B50D0B}.Release|Any CPU.ActiveCfg = Release|Any CPU
		{2DB46D7A-7967-476A-BDC7-F687F0B50D0B}.Release|Any CPU.Build.0 = Release|Any CPU
		{007E8680-1610-4931-9E68-35F8D9F886D9}.Debug|Any CPU.ActiveCfg = Debug|Any CPU
		{007E8680-1610-4931-9E68-35F8D9F886D9}.Debug|Any CPU.Build.0 = Debug|Any CPU
		{007E8680-1610-4931-9E68-35F8D9F886D9}.Release|Any CPU.ActiveCfg = Release|Any CPU
		{007E8680-1610-4931-9E68-35F8D9F886D9}.Release|Any CPU.Build.0 = Release|Any CPU
		{0BA17B32-616D-487F-A390-D5DEA4AAA080}.Debug|Any CPU.ActiveCfg = Debug|Any CPU
		{0BA17B32-616D-487F-A390-D5DEA4AAA080}.Debug|Any CPU.Build.0 = Debug|Any CPU
		{0BA17B32-616D-487F-A390-D5DEA4AAA080}.Release|Any CPU.ActiveCfg = Release|Any CPU
		{0BA17B32-616D-487F-A390-D5DEA4AAA080}.Release|Any CPU.Build.0 = Release|Any CPU
		{C20F775B-1EA2-444D-AA1C-B38701FF36C6}.Debug|Any CPU.ActiveCfg = Debug|Any CPU
		{C20F775B-1EA2-444D-AA1C-B38701FF36C6}.Debug|Any CPU.Build.0 = Debug|Any CPU
		{C20F775B-1EA2-444D-AA1C-B38701FF36C6}.Release|Any CPU.ActiveCfg = Release|Any CPU
		{C20F775B-1EA2-444D-AA1C-B38701FF36C6}.Release|Any CPU.Build.0 = Release|Any CPU
		{353F34B4-AA24-4045-B91C-070758AF50D8}.Debug|Any CPU.ActiveCfg = Debug|Any CPU
		{353F34B4-AA24-4045-B91C-070758AF50D8}.Debug|Any CPU.Build.0 = Debug|Any CPU
		{353F34B4-AA24-4045-B91C-070758AF50D8}.Release|Any CPU.ActiveCfg = Release|Any CPU
		{353F34B4-AA24-4045-B91C-070758AF50D8}.Release|Any CPU.Build.0 = Release|Any CPU
		{CB030F3B-8F1C-4938-83AD-2DAAE6482EE8}.Debug|Any CPU.ActiveCfg = Debug|Any CPU
		{CB030F3B-8F1C-4938-83AD-2DAAE6482EE8}.Debug|Any CPU.Build.0 = Debug|Any CPU
		{CB030F3B-8F1C-4938-83AD-2DAAE6482EE8}.Release|Any CPU.ActiveCfg = Release|Any CPU
		{CB030F3B-8F1C-4938-83AD-2DAAE6482EE8}.Release|Any CPU.Build.0 = Release|Any CPU
		{784E59B7-F6E9-44A5-9822-5C15C1BF0737}.Debug|Any CPU.ActiveCfg = Debug|Any CPU
		{784E59B7-F6E9-44A5-9822-5C15C1BF0737}.Debug|Any CPU.Build.0 = Debug|Any CPU
		{784E59B7-F6E9-44A5-9822-5C15C1BF0737}.Release|Any CPU.ActiveCfg = Release|Any CPU
		{784E59B7-F6E9-44A5-9822-5C15C1BF0737}.Release|Any CPU.Build.0 = Release|Any CPU
		{7FE8C5AF-A584-4B4A-861C-495529AE2837}.Debug|Any CPU.ActiveCfg = Debug|Any CPU
		{7FE8C5AF-A584-4B4A-861C-495529AE2837}.Debug|Any CPU.Build.0 = Debug|Any CPU
		{7FE8C5AF-A584-4B4A-861C-495529AE2837}.Release|Any CPU.ActiveCfg = Release|Any CPU
		{7FE8C5AF-A584-4B4A-861C-495529AE2837}.Release|Any CPU.Build.0 = Release|Any CPU
	EndGlobalSection
	GlobalSection(SolutionProperties) = preSolution
		HideSolutionNode = FALSE
	EndGlobalSection
	GlobalSection(NestedProjects) = preSolution
		{AA17842A-B4A8-4013-8314-718396885BBC} = {C8C303C9-8C25-4AB9-BC67-D4E5A0761CBC}
		{F4721C8E-3AF5-4EF2-9266-832D0EE5A69B} = {C8C303C9-8C25-4AB9-BC67-D4E5A0761CBC}
		{ED735015-BEA3-42D0-9B96-1254F302AAFC} = {C8C303C9-8C25-4AB9-BC67-D4E5A0761CBC}
		{FF18ED13-37D2-4FF7-B128-90869981FCDA} = {8079AB4C-B5AD-4156-843B-DF0464C2B98F}
		{1EFFE0B6-87F1-418E-84CA-876772E632CD} = {8079AB4C-B5AD-4156-843B-DF0464C2B98F}
		{CA6000AE-2528-4C9B-9007-8978AA576A77} = {8079AB4C-B5AD-4156-843B-DF0464C2B98F}
		{3C4ABB4E-24DD-4C65-BD0E-D80CE5BF0091} = {64D74353-EB62-451D-B3A6-D7A7A9A71FBD}
		{98D198F1-1430-428A-98A6-A36AECC0EE11} = {64D74353-EB62-451D-B3A6-D7A7A9A71FBD}
		{5DF505B4-802D-42E5-94BE-F5CCB48EAD5A} = {64D74353-EB62-451D-B3A6-D7A7A9A71FBD}
		{1B9816C9-30C1-4B9F-B338-1A781422AE51} = {37CED35D-565E-44A2-889E-B171D334865B}
		{C33E00AA-A19D-4FBC-96E9-0A1B4C0DA2EE} = {37CED35D-565E-44A2-889E-B171D334865B}
		{0B6EB25C-9FAC-4A57-9ED0-84509E4AF0A5} = {37CED35D-565E-44A2-889E-B171D334865B}
		{77F2110A-D661-4FE7-81BA-D7B295593E60} = {5F19CC13-FA31-433D-B5C3-EBD533F925BB}
		{2DB46D7A-7967-476A-BDC7-F687F0B50D0B} = {5F19CC13-FA31-433D-B5C3-EBD533F925BB}
		{007E8680-1610-4931-9E68-35F8D9F886D9} = {5F19CC13-FA31-433D-B5C3-EBD533F925BB}
		{0BA17B32-616D-487F-A390-D5DEA4AAA080} = {769992DC-9F2D-4FC4-97E7-579F2F530FF9}
		{C20F775B-1EA2-444D-AA1C-B38701FF36C6} = {769992DC-9F2D-4FC4-97E7-579F2F530FF9}
		{353F34B4-AA24-4045-B91C-070758AF50D8} = {769992DC-9F2D-4FC4-97E7-579F2F530FF9}
		{CB030F3B-8F1C-4938-83AD-2DAAE6482EE8} = {A3189FC4-4758-4FF6-94A3-26ADF8B84FDA}
		{784E59B7-F6E9-44A5-9822-5C15C1BF0737} = {A3189FC4-4758-4FF6-94A3-26ADF8B84FDA}
		{7FE8C5AF-A584-4B4A-861C-495529AE2837} = {A3189FC4-4758-4FF6-94A3-26ADF8B84FDA}
	EndGlobalSection
	GlobalSection(ExtensibilityGlobals) = postSolution
		SolutionGuid = {FD7A2722-52B8-4F98-9F75-26244F9DD6D4}
	EndGlobalSection
EndGlobal
